
Microsoft Visual Studio Solution File, Format Version 12.00
# Visual Studio 2013
VisualStudioVersion = 12.0.31101.0
MinimumVisualStudioVersion = 10.0.40219.1
Project("{FAE04EC0-301F-11D3-BF4B-00C04F79EFBC}") = "QuestionnaireWeb", "EmployeePortalWeb\QuestionnaireWeb.csproj", "{6E032992-B35E-4042-89EC-CD1F49428360}"
EndProject
Project("{2150E333-8FDC-42A3-9474-1A3956D46DE8}") = "1. Presentation Layer", "1. Presentation Layer", "{0BEB95C4-56D5-48A8-A589-4197545AA0CB}"
EndProject
Project("{2150E333-8FDC-42A3-9474-1A3956D46DE8}") = "2. Business Layer", "2. Business Layer", "{27B135F6-ADD3-4F17-914F-4D0932A8B785}"
EndProject
Project("{2150E333-8FDC-42A3-9474-1A3956D46DE8}") = "3. Data Layer", "3. Data Layer", "{A5711C6E-903D-4522-97B6-7B1F49EAABB5}"
EndProject
Project("{2150E333-8FDC-42A3-9474-1A3956D46DE8}") = "4. Shared", "4. Shared", "{741E5CD0-07BC-4023-ACB9-FC86D4A6276E}"
EndProject
Project("{FAE04EC0-301F-11D3-BF4B-00C04F79EFBC}") = "BusinessFacade", "BusinessFacade\BusinessFacade.csproj", "{CD4BD0F9-A9E5-43FA-B3E5-FF4CD7E46EB8}"
EndProject
Project("{FAE04EC0-301F-11D3-BF4B-00C04F79EFBC}") = "BusinessLayer", "BusinessLayer\BusinessLayer.csproj", "{EE564C94-94B4-415C-B767-8863B4EAFCC6}"
EndProject
Project("{FAE04EC0-301F-11D3-BF4B-00C04F79EFBC}") = "DAL", "DAL\DAL.csproj", "{BA501B7F-8D12-4657-9874-2969F984CABA}"
EndProject
Project("{FAE04EC0-301F-11D3-BF4B-00C04F79EFBC}") = "Entities", "Entities\Entities.csproj", "{D1553037-D4A6-4D99-954A-14B18D124095}"
EndProject
Project("{FAE04EC0-301F-11D3-BF4B-00C04F79EFBC}") = "Shared", "Shared\Shared.csproj", "{BF457472-E959-4F91-8C89-E8EBCDF88F6A}"
EndProject
Project("{FAE04EC0-301F-11D3-BF4B-00C04F79EFBC}") = "DTO", "DTO\DTO.csproj", "{A2FCDECA-D290-406B-9150-B8C6589BEED1}"
EndProject
Global
	GlobalSection(SolutionConfigurationPlatforms) = preSolution
		Debug|Any CPU = Debug|Any CPU
		Release|Any CPU = Release|Any CPU
	EndGlobalSection
	GlobalSection(ProjectConfigurationPlatforms) = postSolution
		{6E032992-B35E-4042-89EC-CD1F49428360}.Debug|Any CPU.ActiveCfg = Debug|Any CPU
		{6E032992-B35E-4042-89EC-CD1F49428360}.Debug|Any CPU.Build.0 = Debug|Any CPU
		{6E032992-B35E-4042-89EC-CD1F49428360}.Release|Any CPU.ActiveCfg = Release|Any CPU
		{6E032992-B35E-4042-89EC-CD1F49428360}.Release|Any CPU.Build.0 = Release|Any CPU
		{CD4BD0F9-A9E5-43FA-B3E5-FF4CD7E46EB8}.Debug|Any CPU.ActiveCfg = Debug|Any CPU
		{CD4BD0F9-A9E5-43FA-B3E5-FF4CD7E46EB8}.Debug|Any CPU.Build.0 = Debug|Any CPU
		{CD4BD0F9-A9E5-43FA-B3E5-FF4CD7E46EB8}.Release|Any CPU.ActiveCfg = Release|Any CPU
		{CD4BD0F9-A9E5-43FA-B3E5-FF4CD7E46EB8}.Release|Any CPU.Build.0 = Release|Any CPU
		{EE564C94-94B4-415C-B767-8863B4EAFCC6}.Debug|Any CPU.ActiveCfg = Debug|Any CPU
		{EE564C94-94B4-415C-B767-8863B4EAFCC6}.Debug|Any CPU.Build.0 = Debug|Any CPU
		{EE564C94-94B4-415C-B767-8863B4EAFCC6}.Release|Any CPU.ActiveCfg = Release|Any CPU
		{EE564C94-94B4-415C-B767-8863B4EAFCC6}.Release|Any CPU.Build.0 = Release|Any CPU
		{BA501B7F-8D12-4657-9874-2969F984CABA}.Debug|Any CPU.ActiveCfg = Debug|Any CPU
		{BA501B7F-8D12-4657-9874-2969F984CABA}.Debug|Any CPU.Build.0 = Debug|Any CPU
		{BA501B7F-8D12-4657-9874-2969F984CABA}.Release|Any CPU.ActiveCfg = Release|Any CPU
		{BA501B7F-8D12-4657-9874-2969F984CABA}.Release|Any CPU.Build.0 = Release|Any CPU
		{D1553037-D4A6-4D99-954A-14B18D124095}.Debug|Any CPU.ActiveCfg = Debug|Any CPU
		{D1553037-D4A6-4D99-954A-14B18D124095}.Debug|Any CPU.Build.0 = Debug|Any CPU
		{D1553037-D4A6-4D99-954A-14B18D124095}.Release|Any CPU.ActiveCfg = Release|Any CPU
		{D1553037-D4A6-4D99-954A-14B18D124095}.Release|Any CPU.Build.0 = Release|Any CPU
		{BF457472-E959-4F91-8C89-E8EBCDF88F6A}.Debug|Any CPU.ActiveCfg = Debug|Any CPU
		{BF457472-E959-4F91-8C89-E8EBCDF88F6A}.Debug|Any CPU.Build.0 = Debug|Any CPU
		{BF457472-E959-4F91-8C89-E8EBCDF88F6A}.Release|Any CPU.ActiveCfg = Release|Any CPU
		{BF457472-E959-4F91-8C89-E8EBCDF88F6A}.Release|Any CPU.Build.0 = Release|Any CPU
		{A2FCDECA-D290-406B-9150-B8C6589BEED1}.Debug|Any CPU.ActiveCfg = Debug|Any CPU
		{A2FCDECA-D290-406B-9150-B8C6589BEED1}.Debug|Any CPU.Build.0 = Debug|Any CPU
		{A2FCDECA-D290-406B-9150-B8C6589BEED1}.Release|Any CPU.ActiveCfg = Release|Any CPU
		{A2FCDECA-D290-406B-9150-B8C6589BEED1}.Release|Any CPU.Build.0 = Release|Any CPU
	EndGlobalSection
	GlobalSection(SolutionProperties) = preSolution
		HideSolutionNode = FALSE
	EndGlobalSection
	GlobalSection(NestedProjects) = preSolution
		{6E032992-B35E-4042-89EC-CD1F49428360} = {0BEB95C4-56D5-48A8-A589-4197545AA0CB}
		{CD4BD0F9-A9E5-43FA-B3E5-FF4CD7E46EB8} = {27B135F6-ADD3-4F17-914F-4D0932A8B785}
		{EE564C94-94B4-415C-B767-8863B4EAFCC6} = {27B135F6-ADD3-4F17-914F-4D0932A8B785}
		{BA501B7F-8D12-4657-9874-2969F984CABA} = {A5711C6E-903D-4522-97B6-7B1F49EAABB5}
		{D1553037-D4A6-4D99-954A-14B18D124095} = {A5711C6E-903D-4522-97B6-7B1F49EAABB5}
		{BF457472-E959-4F91-8C89-E8EBCDF88F6A} = {741E5CD0-07BC-4023-ACB9-FC86D4A6276E}
		{A2FCDECA-D290-406B-9150-B8C6589BEED1} = {741E5CD0-07BC-4023-ACB9-FC86D4A6276E}
	EndGlobalSection
EndGlobal
